Microsoft Visual Studio Solution File, Format Version 12.00
# Visual Studio Version 17
VisualStudioVersion = 17.5.2.0
MinimumVisualStudioVersion = 10.0.40219.1
Project("{FAE04EC0-301F-11D3-BF4B-00C04F79EFBC}") = "BookReviewApp", "BookReviewApp.csproj", "{45986C15-F029-391E-0E59-1F434A467767}"
EndProject
Global
	GlobalSection(SolutionConfigurationPlatforms) = preSolution
		Debug|Any CPU = Debug|Any CPU
		Release|Any CPU = Release|Any CPU
	EndGlobalSection
	GlobalSection(ProjectConfigurationPlatforms) = postSolution
		{45986C15-F029-391E-0E59-1F434A467767}.Debug|Any CPU.ActiveCfg = Debug|Any CPU
		{45986C15-F029-391E-0E59-1F434A467767}.Debug|Any CPU.Build.0 = Debug|Any CPU
		{45986C15-F029-391E-0E59-1F434A467767}.Release|Any CPU.ActiveCfg = Release|Any CPU
		{45986C15-F029-391E-0E59-1F434A467767}.Release|Any CPU.Build.0 = Release|Any CPU
	EndGlobalSection
	GlobalSection(SolutionProperties) = preSolution
		HideSolutionNode = FALSE
	EndGlobalSection
	GlobalSection(ExtensibilityGlobals) = postSolution
		SolutionGuid = {0E165799-5507-41B0-AF99-9338E82D7E32}
	EndGlobalSection
EndGlobal
